// !$*UTF8*$!
{
	archiveVersion = 1;
	classes = {
	};
	objectVersion = 56;
	objects = {

/* Begin PBXBuildFile section */
		F743DA8E2A106FF4001FACB9 /* BreezeApp.swift in Sources */ = {isa = PBXBuildFile; fileRef = F743DA8D2A106FF4001FACB9 /* BreezeApp.swift */; };
		F743DA902A106FF4001FACB9 /* ContentView.swift in Sources */ = {isa = PBXBuildFile; fileRef = F743DA8F2A106FF4001FACB9 /* ContentView.swift */; };
		F743DA922A106FF6001FACB9 /* Assets.xcassets in Resources */ = {isa = PBXBuildFile; fileRef = F743DA912A106FF6001FACB9 /* Assets.xcassets */; };
		F743DA952A106FF6001FACB9 /* Preview Assets.xcassets in Resources */ = {isa = PBXBuildFile; fileRef = F743DA942A106FF6001FACB9 /* Preview Assets.xcassets */; };
		F743DA9F2A106FF6001FACB9 /* BreezeTests.swift in Sources */ = {isa = PBXBuildFile; fileRef = F743DA9E2A106FF6001FACB9 /* BreezeTests.swift */; };
		F743DAA92A106FF6001FACB9 /* BreezeUITests.swift in Sources */ = {isa = PBXBuildFile; fileRef = F743DAA82A106FF6001FACB9 /* BreezeUITests.swift */; };
		F743DAAB2A106FF6001FACB9 /* BreezeUITestsLaunchTests.swift in Sources */ = {isa = PBXBuildFile; fileRef = F743DAAA2A106FF6001FACB9 /* BreezeUITestsLaunchTests.swift */; };
/* End PBXBuildFile section */

/* Begin PBXContainerItemProxy section */
		F743DA9B2A106FF6001FACB9 /* PBXContainerItemProxy */ = {
			isa = PBXContainerItemProxy;
			containerPortal = F743DA822A106FF4001FACB9 /* Project object */;
			proxyType = 1;
			remoteGlobalIDString = F743DA892A106FF4001FACB9;
			remoteInfo = Breeze;
		};
		F743DAA52A106FF6001FACB9 /* PBXContainerItemProxy */ = {
			isa = PBXContainerItemProxy;
			containerPortal = F743DA822A106FF4001FACB9 /* Project object */;
			proxyType = 1;
			remoteGlobalIDString = F743DA892A106FF4001FACB9;
			remoteInfo = Breeze;
		};
/* End PBXContainerItemProxy section */

/* Begin PBXFileReference section */
		F743DA8A2A106FF4001FACB9 /* Breeze.app */ = {isa = PBXFileReference; explicitFileType = wrapper.application; includeInIndex = 0; path = Breeze.app; sourceTree = BUILT_PRODUCTS_DIR; };
		F743DA8D2A106FF4001FACB9 /* BreezeApp.swift */ = {isa = PBXFileReference; lastKnownFileType = sourcecode.swift; path = BreezeApp.swift; sourceTree = "<group>"; };
		F743DA8F2A106FF4001FACB9 /* ContentView.swift */ = {isa = PBXFileReference; lastKnownFileType = sourcecode.swift; path = ContentView.swift; sourceTree = "<group>"; };
		F743DA912A106FF6001FACB9 /* Assets.xcassets */ = {isa = PBXFileReference; lastKnownFileType = folder.assetcatalog; path = Assets.xcassets; sourceTree = "<group>"; };
		F743DA942A106FF6001FACB9 /* Preview Assets.xcassets */ = {isa = PBXFileReference; lastKnownFileType = folder.assetcatalog; path = "Preview Assets.xcassets"; sourceTree = "<group>"; };
		F743DA9A2A106FF6001FACB9 /* BreezeTests.xctest */ = {isa = PBXFileReference; explicitFileType = wrapper.cfbundle; includeInIndex = 0; path = BreezeTests.xctest; sourceTree = BUILT_PRODUCTS_DIR; };
		F743DA9E2A106FF6001FACB9 /* BreezeTests.swift */ = {isa = PBXFileReference; lastKnownFileType = sourcecode.swift; path = BreezeTests.swift; sourceTree = "<group>"; };
		F743DAA42A106FF6001FACB9 /* BreezeUITests.xctest */ = {isa = PBXFileReference; explicitFileType = wrapper.cfbundle; includeInIndex = 0; path = BreezeUITests.xctest; sourceTree = BUILT_PRODUCTS_DIR; };
		F743DAA82A106FF6001FACB9 /* BreezeUITests.swift */ = {isa = PBXFileReference; lastKnownFileType = sourcecode.swift; path = BreezeUITests.swift; sourceTree = "<group>"; };
		F743DAAA2A106FF6001FACB9 /* BreezeUITestsLaunchTests.swift */ = {isa = PBXFileReference; lastKnownFileType = sourcecode.swift; path = BreezeUITestsLaunchTests.swift; sourceTree = "<group>"; };
/* End PBXFileReference section */

/* Begin PBXFrameworksBuildPhase section */
		F743DA872A106FF4001FACB9 /* Frameworks */ = {
			isa = PBXFrameworksBuildPhase;
			buildActionMask = 2147483647;
			files = (
			);
			runOnlyForDeploymentPostprocessing = 0;
		};
		F743DA972A106FF6001FACB9 /* Frameworks */ = {
			isa = PBXFrameworksBuildPhase;
			buildActionMask = 2147483647;
			files = (
			);
			runOnlyForDeploymentPostprocessing = 0;
		};
		F743DAA12A106FF6001FACB9 /* Frameworks */ = {
			isa = PBXFrameworksBuildPhase;
			buildActionMask = 2147483647;
			files = (
			);
			runOnlyForDeploymentPostprocessing = 0;
		};
/* End PBXFrameworksBuildPhase section */

/* Begin PBXGroup section */
		F743DA812A106FF4001FACB9 = {
			isa = PBXGroup;
			children = (
				F743DA8C2A106FF4001FACB9 /* Breeze */,
				F743DA9D2A106FF6001FACB9 /* BreezeTests */,
				F743DAA72A106FF6001FACB9 /* BreezeUITests */,
				F743DA8B2A106FF4001FACB9 /* Products */,
			);
			sourceTree = "<group>";
		};
		F743DA8B2A106FF4001FACB9 /* Products */ = {
			isa = PBXGroup;
			children = (
				F743DA8A2A106FF4001FACB9 /* Breeze.app */,
				F743DA9A2A106FF6001FACB9 /* BreezeTests.xctest */,
				F743DAA42A106FF6001FACB9 /* BreezeUITests.xctest */,
			);
			name = Products;
			sourceTree = "<group>";
		};
		F743DA8C2A106FF4001FACB9 /* Breeze */ = {
			isa = PBXGroup;
			children = (
				F743DA8D2A106FF4001FACB9 /* BreezeApp.swift */,
				F743DA8F2A106FF4001FACB9 /* ContentView.swift */,
				F743DA912A106FF6001FACB9 /* Assets.xcassets */,
				F743DA932A106FF6001FACB9 /* Preview Content */,
			);
			path = Breeze;
			sourceTree = "<group>";
		};
		F743DA932A106FF6001FACB9 /* Preview Content */ = {
			isa = PBXGroup;
			children = (
				F743DA942A106FF6001FACB9 /* Preview Assets.xcassets */,
			);
			path = "Preview Content";
			sourceTree = "<group>";
		};
		F743DA9D2A106FF6001FACB9 /* BreezeTests */ = {
			isa = PBXGroup;
			children = (
				F743DA9E2A106FF6001FACB9 /* BreezeTests.swift */,
			);
			path = BreezeTests;
			sourceTree = "<group>";
		};
		F743DAA72A106FF6001FACB9 /* BreezeUITests */ = {
			isa = PBXGroup;
			children = (
				F743DAA82A106FF6001FACB9 /* BreezeUITests.swift */,
				F743DAAA2A106FF6001FACB9 /* BreezeUITestsLaunchTests.swift */,
			);
			path = BreezeUITests;
			sourceTree = "<group>";
		};
/* End PBXGroup section */

/* Begin PBXNativeTarget section */
		F743DA892A106FF4001FACB9 /* Breeze */ = {
			isa = PBXNativeTarget;
			buildConfigurationList = F743DAAE2A106FF6001FACB9 /* Build configuration list for PBXNativeTarget "Breeze" */;
			buildPhases = (
				F743DA862A106FF4001FACB9 /* Sources */,
				F743DA872A106FF4001FACB9 /* Frameworks */,
				F743DA882A106FF4001FACB9 /* Resources */,
			);
			buildRules = (
			);
			dependencies = (
			);
			name = Breeze;
			productName = Breeze;
			productReference = F743DA8A2A106FF4001FACB9 /* Breeze.app */;
			productType = "com.apple.product-type.application";
		};
		F743DA992A106FF6001FACB9 /* BreezeTests */ = {
			isa = PBXNativeTarget;
			buildConfigurationList = F743DAB12A106FF6001FACB9 /* Build configuration list for PBXNativeTarget "BreezeTests" */;
			buildPhases = (
				F743DA962A106FF6001FACB9 /* Sources */,
				F743DA972A106FF6001FACB9 /* Frameworks */,
				F743DA982A106FF6001FACB9 /* Resources */,
			);
			buildRules = (
			);
			dependencies = (
				F743DA9C2A106FF6001FACB9 /* PBXTargetDependency */,
			);
			name = BreezeTests;
			productName = BreezeTests;
			productReference = F743DA9A2A106FF6001FACB9 /* BreezeTests.xctest */;
			productType = "com.apple.product-type.bundle.unit-test";
		};
		F743DAA32A106FF6001FACB9 /* BreezeUITests */ = {
			isa = PBXNativeTarget;
			buildConfigurationList = F743DAB42A106FF6001FACB9 /* Build configuration list for PBXNativeTarget "BreezeUITests" */;
			buildPhases = (
				F743DAA02A106FF6001FACB9 /* Sources */,
				F743DAA12A106FF6001FACB9 /* Frameworks */,
				F743DAA22A106FF6001FACB9 /* Resources */,
			);
			buildRules = (
			);
			dependencies = (
				F743DAA62A106FF6001FACB9 /* PBXTargetDependency */,
			);
			name = BreezeUITests;
			productName = BreezeUITests;
			productReference = F743DAA42A106FF6001FACB9 /* BreezeUITests.xctest */;
			productType = "com.apple.product-type.bundle.ui-testing";
		};
/* End PBXNativeTarget section */

/* Begin PBXProject section */
		F743DA822A106FF4001FACB9 /* Project object */ = {
			isa = PBXProject;
			attributes = {
				BuildIndependentTargetsInParallel = 1;
				LastSwiftUpdateCheck = 1420;
				LastUpgradeCheck = 1420;
				TargetAttributes = {
					F743DA892A106FF4001FACB9 = {
						CreatedOnToolsVersion = 14.2;
					};
					F743DA992A106FF6001FACB9 = {
						CreatedOnToolsVersion = 14.2;
						TestTargetID = F743DA892A106FF4001FACB9;
					};
					F743DAA32A106FF6001FACB9 = {
						CreatedOnToolsVersion = 14.2;
						TestTargetID = F743DA892A106FF4001FACB9;
					};
				};
			};
			buildConfigurationList = F743DA852A106FF4001FACB9 /* Build configuration list for PBXProject "Breeze" */;
			compatibilityVersion = "Xcode 14.0";
			developmentRegion = en;
			hasScannedForEncodings = 0;
			knownRegions = (
				en,
				Base,
			);
			mainGroup = F743DA812A106FF4001FACB9;
			productRefGroup = F743DA8B2A106FF4001FACB9 /* Products */;
			projectDirPath = "";
			projectRoot = "";
			targets = (
				F743DA892A106FF4001FACB9 /* Breeze */,
				F743DA992A106FF6001FACB9 /* BreezeTests */,
				F743DAA32A106FF6001FACB9 /* BreezeUITests */,
			);
		};
/* End PBXProject section */

/* Begin PBXResourcesBuildPhase section */
		F743DA882A106FF4001FACB9 /* Resources */ = {
			isa = PBXResourcesBuildPhase;
			buildActionMask = 2147483647;
			files = (
				F743DA952A106FF6001FACB9 /* Preview Assets.xcassets in Resources */,
				F743DA922A106FF6001FACB9 /* Assets.xcassets in Resources */,
			);
			runOnlyForDeploymentPostprocessing = 0;
		};
		F743DA982A106FF6001FACB9 /* Resources */ = {
			isa = PBXResourcesBuildPhase;
			buildActionMask = 2147483647;
			files = (
			);
			runOnlyForDeploymentPostprocessing = 0;
		};
		F743DAA22A106FF6001FACB9 /* Resources */ = {
			isa = PBXResourcesBuildPhase;
			buildActionMask = 2147483647;
			files = (
			);
			runOnlyForDeploymentPostprocessing = 0;
		};
/* End PBXResourcesBuildPhase section */

/* Begin PBXSourcesBuildPhase section */
		F743DA862A106FF4001FACB9 /* Sources */ = {
			isa = PBXSourcesBuildPhase;
			buildActionMask = 2147483647;
			files = (
				F743DA902A106FF4001FACB9 /* ContentView.swift in Sources */,
				F743DA8E2A106FF4001FACB9 /* BreezeApp.swift in Sources */,
			);
			runOnlyForDeploymentPostprocessing = 0;
		};
		F743DA962A106FF6001FACB9 /* Sources */ = {
			isa = PBXSourcesBuildPhase;
			buildActionMask = 2147483647;
			files = (
				F743DA9F2A106FF6001FACB9 /* BreezeTests.swift in Sources */,
			);
			runOnlyForDeploymentPostprocessing = 0;
		};
		F743DAA02A106FF6001FACB9 /* Sources */ = {
			isa = PBXSourcesBuildPhase;
			buildActionMask = 2147483647;
			files = (
				F743DAA92A106FF6001FACB9 /* BreezeUITests.swift in Sources */,
				F743DAAB2A106FF6001FACB9 /* BreezeUITestsLaunchTests.swift in Sources */,
			);
			runOnlyForDeploymentPostprocessing = 0;
		};
/* End PBXSourcesBuildPhase section */

/* Begin PBXTargetDependency section */
		F743DA9C2A106FF6001FACB9 /* PBXTargetDependency */ = {
			isa = PBXTargetDependency;
			target = F743DA892A106FF4001FACB9 /* Breeze */;
			targetProxy = F743DA9B2A106FF6001FACB9 /* PBXContainerItemProxy */;
		};
		F743DAA62A106FF6001FACB9 /* PBXTargetDependency */ = {
			isa = PBXTargetDependency;
			target = F743DA892A106FF4001FACB9 /* Breeze */;
			targetProxy = F743DAA52A106FF6001FACB9 /* PBXContainerItemProxy */;
		};
/* End PBXTargetDependency section */

/* Begin XCBuildConfiguration section */
		F743DAAC2A106FF6001FACB9 /* Debug */ = {
			isa = XCBuildConfiguration;
			buildSettings = {
				ALWAYS_SEARCH_USER_PATHS = NO;
				CLANG_ANALYZER_NONNULL = YES;
				CLANG_ANALYZER_NUMBER_OBJECT_CONVERSION = YES_AGGRESSIVE;
				CLANG_CXX_LANGUAGE_STANDARD = "gnu++20";
				CLANG_ENABLE_MODULES = YES;
				CLANG_ENABLE_OBJC_ARC = YES;
				CLANG_ENABLE_OBJC_WEAK = YES;
				CLANG_WARN_BLOCK_CAPTURE_AUTORELEASING = YES;
				CLANG_WARN_BOOL_CONVERSION = YES;
				CLANG_WARN_COMMA = YES;
				CLANG_WARN_CONSTANT_CONVERSION = YES;
				CLANG_WARN_DEPRECATED_OBJC_IMPLEMENTATIONS = YES;
				CLANG_WARN_DIRECT_OBJC_ISA_USAGE = YES_ERROR;
				CLANG_WARN_DOCUMENTATION_COMMENTS = YES;
				CLANG_WARN_EMPTY_BODY = YES;
				CLANG_WARN_ENUM_CONVERSION = YES;
				CLANG_WARN_INFINITE_RECURSION = YES;
				CLANG_WARN_INT_CONVERSION = YES;
				CLANG_WARN_NON_LITERAL_NULL_CONVERSION = YES;
				CLANG_WARN_OBJC_IMPLICIT_RETAIN_SELF = YES;
				CLANG_WARN_OBJC_LITERAL_CONVERSION = YES;
				CLANG_WARN_OBJC_ROOT_CLASS = YES_ERROR;
				CLANG_WARN_QUOTED_INCLUDE_IN_FRAMEWORK_HEADER = YES;
				CLANG_WARN_RANGE_LOOP_ANALYSIS = YES;
				CLANG_WARN_STRICT_PROTOTYPES = YES;
				CLANG_WARN_SUSPICIOUS_MOVE = YES;
				CLANG_WARN_UNGUARDED_AVAILABILITY = YES_AGGRESSIVE;
				CLANG_WARN_UNREACHABLE_CODE = YES;
				CLANG_WARN__DUPLICATE_METHOD_MATCH = YES;
				COPY_PHASE_STRIP = NO;
				DEBUG_INFORMATION_FORMAT = dwarf;
				ENABLE_STRICT_OBJC_MSGSEND = YES;
				ENABLE_TESTABILITY = YES;
				GCC_C_LANGUAGE_STANDARD = gnu11;
				GCC_DYNAMIC_NO_PIC = NO;
				GCC_NO_COMMON_BLOCKS = YES;
				GCC_OPTIMIZATION_LEVEL = 0;
				GCC_PREPROCESSOR_DEFINITIONS = (
					"DEBUG=1",
					"$(inherited)",
				);
				GCC_WARN_64_TO_32_BIT_CONVERSION = YES;
				GCC_WARN_ABOUT_RETURN_TYPE = YES_ERROR;
				GCC_WARN_UNDECLARED_SELECTOR = YES;
				GCC_WARN_UNINITIALIZED_AUTOS = YES_AGGRESSIVE;
				GCC_WARN_UNUSED_FUNCTION = YES;
				GCC_WARN_UNUSED_VARIABLE = YES;
				IPHONEOS_DEPLOYMENT_TARGET = 16.2;
				MTL_ENABLE_DEBUG_INFO = INCLUDE_SOURCE;
				MTL_FAST_MATH = YES;
				ONLY_ACTIVE_ARCH = YES;
				SDKROOT = iphoneos;
				SWIFT_ACTIVE_COMPILATION_CONDITIONS = DEBUG;
				SWIFT_OPTIMIZATION_LEVEL = "-Onone";
			};
			name = Debug;
		};
		F743DAAD2A106FF6001FACB9 /* Release */ = {
			isa = XCBuildConfiguration;
			buildSettings = {
				ALWAYS_SEARCH_USER_PATHS = NO;
				CLANG_ANALYZER_NONNULL = YES;
				CLANG_ANALYZER_NUMBER_OBJECT_CONVERSION = YES_AGGRESSIVE;
				CLANG_CXX_LANGUAGE_STANDARD = "gnu++20";
				CLANG_ENABLE_MODULES = YES;
				CLANG_ENABLE_OBJC_ARC = YES;
				CLANG_ENABLE_OBJC_WEAK = YES;
				CLANG_WARN_BLOCK_CAPTURE_AUTORELEASING = YES;
				CLANG_WARN_BOOL_CONVERSION = YES;
				CLANG_WARN_COMMA = YES;
				CLANG_WARN_CONSTANT_CONVERSION = YES;
				CLANG_WARN_DEPRECATED_OBJC_IMPLEMENTATIONS = YES;
				CLANG_WARN_DIRECT_OBJC_ISA_USAGE = YES_ERROR;
				CLANG_WARN_DOCUMENTATION_COMMENTS = YES;
				CLANG_WARN_EMPTY_BODY = YES;
				CLANG_WARN_ENUM_CONVERSION = YES;
				CLANG_WARN_INFINITE_RECURSION = YES;
				CLANG_WARN_INT_CONVERSION = YES;
				CLANG_WARN_NON_LITERAL_NULL_CONVERSION = YES;
				CLANG_WARN_OBJC_IMPLICIT_RETAIN_SELF = YES;
				CLANG_WARN_OBJC_LITERAL_CONVERSION = YES;
				CLANG_WARN_OBJC_ROOT_CLASS = YES_ERROR;
				CLANG_WARN_QUOTED_INCLUDE_IN_FRAMEWORK_HEADER = YES;
				CLANG_WARN_RANGE_LOOP_ANALYSIS = YES;
				CLANG_WARN_STRICT_PROTOTYPES = YES;
				CLANG_WARN_SUSPICIOUS_MOVE = YES;
				CLANG_WARN_UNGUARDED_AVAILABILITY = YES_AGGRESSIVE;
				CLANG_WARN_UNREACHABLE_CODE = YES;
				CLANG_WARN__DUPLICATE_METHOD_MATCH = YES;
				COPY_PHASE_STRIP = NO;
				DEBUG_INFORMATION_FORMAT = "dwarf-with-dsym";
				ENABLE_NS_ASSERTIONS = NO;
				ENABLE_STRICT_OBJC_MSGSEND = YES;
				GCC_C_LANGUAGE_STANDARD = gnu11;
				GCC_NO_COMMON_BLOCKS = YES;
				GCC_WARN_64_TO_32_BIT_CONVERSION = YES;
				GCC_WARN_ABOUT_RETURN_TYPE = YES_ERROR;
				GCC_WARN_UNDECLARED_SELECTOR = YES;
				GCC_WARN_UNINITIALIZED_AUTOS = YES_AGGRESSIVE;
				GCC_WARN_UNUSED_FUNCTION = YES;
				GCC_WARN_UNUSED_VARIABLE = YES;
				IPHONEOS_DEPLOYMENT_TARGET = 16.2;
				MTL_ENABLE_DEBUG_INFO = NO;
				MTL_FAST_MATH = YES;
				SDKROOT = iphoneos;
				SWIFT_COMPILATION_MODE = wholemodule;
				SWIFT_OPTIMIZATION_LEVEL = "-O";
				VALIDATE_PRODUCT = YES;
			};
			name = Release;
		};
		F743DAAF2A106FF6001FACB9 /* Debug */ = {
			isa = XCBuildConfiguration;
			buildSettings = {
				ASSETCATALOG_COMPILER_APPICON_NAME = AppIcon;
				ASSETCATALOG_COMPILER_GLOBAL_ACCENT_COLOR_NAME = AccentColor;
				CODE_SIGN_STYLE = Automatic;
				CURRENT_PROJECT_VERSION = 1;
				DEVELOPMENT_ASSET_PATHS = "\"Breeze/Preview Content\"";
				ENABLE_PREVIEWS = YES;
				GENERATE_INFOPLIST_FILE = YES;
				INFOPLIST_KEY_UIApplicationSceneManifest_Generation = YES;
				INFOPLIST_KEY_UIApplicationSupportsIndirectInputEvents = YES;
				INFOPLIST_KEY_UILaunchScreen_Generation = YES;
				INFOPLIST_KEY_UISupportedInterfaceOrientations_iPad = "UIInterfaceOrientationPortrait UIInterfaceOrientationPortraitUpsideDown UIInterfaceOrientationLandscapeLeft UIInterfaceOrientationLandscapeRight";
				INFOPLIST_KEY_UISupportedInterfaceOrientations_iPhone = "UIInterfaceOrientationPortrait UIInterfaceOrientationLandscapeLeft UIInterfaceOrientationLandscapeRight";
				LD_RUNPATH_SEARCH_PATHS = (
					"$(inherited)",
					"@executable_path/Frameworks",
				);
				MARKETING_VERSION = 1.0;
				PRODUCT_BUNDLE_IDENTIFIER = yousif.Breeze;
				PRODUCT_NAME = "$(TARGET_NAME)";
				SWIFT_EMIT_LOC_STRINGS = YES;
				SWIFT_VERSION = 5.0;
				TARGETED_DEVICE_FAMILY = "1,2";
			};
			name = Debug;
		};
		F743DAB02A106FF6001FACB9 /* Release */ = {
			isa = XCBuildConfiguration;
			buildSettings = {
				ASSETCATALOG_COMPILER_APPICON_NAME = AppIcon;
				ASSETCATALOG_COMPILER_GLOBAL_ACCENT_COLOR_NAME = AccentColor;
				CODE_SIGN_STYLE = Automatic;
				CURRENT_PROJECT_VERSION = 1;
				DEVELOPMENT_ASSET_PATHS = "\"Breeze/Preview Content\"";
				ENABLE_PREVIEWS = YES;
				GENERATE_INFOPLIST_FILE = YES;
				INFOPLIST_KEY_UIApplicationSceneManifest_Generation = YES;
				INFOPLIST_KEY_UIApplicationSupportsIndirectInputEvents = YES;
				INFOPLIST_KEY_UILaunchScreen_Generation = YES;
				INFOPLIST_KEY_UISupportedInterfaceOrientations_iPad = "UIInterfaceOrientationPortrait UIInterfaceOrientationPortraitUpsideDown UIInterfaceOrientationLandscapeLeft UIInterfaceOrientationLandscapeRight";
				INFOPLIST_KEY_UISupportedInterfaceOrientations_iPhone = "UIInterfaceOrientationPortrait UIInterfaceOrientationLandscapeLeft UIInterfaceOrientationLandscapeRight";
				LD_RUNPATH_SEARCH_PATHS = (
					"$(inherited)",
					"@executable_path/Frameworks",
				);
				MARKETING_VERSION = 1.0;
				PRODUCT_BUNDLE_IDENTIFIER = yousif.Breeze;
				PRODUCT_NAME = "$(TARGET_NAME)";
				SWIFT_EMIT_LOC_STRINGS = YES;
				SWIFT_VERSION = 5.0;
				TARGETED_DEVICE_FAMILY = "1,2";
			};
			name = Release;
		};
		F743DAB22A106FF6001FACB9 /* Debug */ = {
			isa = XCBuildConfiguration;
			buildSettings = {
				ALWAYS_EMBED_SWIFT_STANDARD_LIBRARIES = YES;
				BUNDLE_LOADER = "$(TEST_HOST)";
				CODE_SIGN_STYLE = Automatic;
				CURRENT_PROJECT_VERSION = 1;
				GENERATE_INFOPLIST_FILE = YES;
				IPHONEOS_DEPLOYMENT_TARGET = 16.2;
				MARKETING_VERSION = 1.0;
				PRODUCT_BUNDLE_IDENTIFIER = yousif.BreezeTests;
				PRODUCT_NAME = "$(TARGET_NAME)";
				SWIFT_EMIT_LOC_STRINGS = NO;
				SWIFT_VERSION = 5.0;
				TARGETED_DEVICE_FAMILY = "1,2";
				TEST_HOST = "$(BUILT_PRODUCTS_DIR)/Breeze.app/$(BUNDLE_EXECUTABLE_FOLDER_PATH)/Breeze";
			};
			name = Debug;
		};
		F743DAB32A106FF6001FACB9 /* Release */ = {
			isa = XCBuildConfiguration;
			buildSettings = {
				ALWAYS_EMBED_SWIFT_STANDARD_LIBRARIES = YES;
				BUNDLE_LOADER = "$(TEST_HOST)";
				CODE_SIGN_STYLE = Automatic;
				CURRENT_PROJECT_VERSION = 1;
				GENERATE_INFOPLIST_FILE = YES;
				IPHONEOS_DEPLOYMENT_TARGET = 16.2;
				MARKETING_VERSION = 1.0;
				PRODUCT_BUNDLE_IDENTIFIER = yousif.BreezeTests;
				PRODUCT_NAME = "$(TARGET_NAME)";
				SWIFT_EMIT_LOC_STRINGS = NO;
				SWIFT_VERSION = 5.0;
				TARGETED_DEVICE_FAMILY = "1,2";
				TEST_HOST = "$(BUILT_PRODUCTS_DIR)/Breeze.app/$(BUNDLE_EXECUTABLE_FOLDER_PATH)/Breeze";
			};
			name = Release;
		};
		F743DAB52A106FF6001FACB9 /* Debug */ = {
			isa = XCBuildConfiguration;
			buildSettings = {
				ALWAYS_EMBED_SWIFT_STANDARD_LIBRARIES = YES;
				CODE_SIGN_STYLE = Automatic;
				CURRENT_PROJECT_VERSION = 1;
				GENERATE_INFOPLIST_FILE = YES;
				MARKETING_VERSION = 1.0;
				PRODUCT_BUNDLE_IDENTIFIER = yousif.BreezeUITests;
				PRODUCT_NAME = "$(TARGET_NAME)";
				SWIFT_EMIT_LOC_STRINGS = NO;
				SWIFT_VERSION = 5.0;
				TARGETED_DEVICE_FAMILY = "1,2";
				TEST_TARGET_NAME = Breeze;
			};
			name = Debug;
		};
		F743DAB62A106FF6001FACB9 /* Release */ = {
			isa = XCBuildConfiguration;
			buildSettings = {
				ALWAYS_EMBED_SWIFT_STANDARD_LIBRARIES = YES;
				CODE_SIGN_STYLE = Automatic;
				CURRENT_PROJECT_VERSION = 1;
				GENERATE_INFOPLIST_FILE = YES;
				MARKETING_VERSION = 1.0;
				PRODUCT_BUNDLE_IDENTIFIER = yousif.BreezeUITests;
				PRODUCT_NAME = "$(TARGET_NAME)";
				SWIFT_EMIT_LOC_STRINGS = NO;
				SWIFT_VERSION = 5.0;
				TARGETED_DEVICE_FAMILY = "1,2";
				TEST_TARGET_NAME = Breeze;
			};
			name = Release;
		};
/* End XCBuildConfiguration section */

/* Begin XCConfigurationList section */
		F743DA852A106FF4001FACB9 /* Build configuration list for PBXProject "Breeze" */ = {
			isa = XCConfigurationList;
			buildConfigurations = (
				F743DAAC2A106FF6001FACB9 /* Debug */,
				F743DAAD2A106FF6001FACB9 /* Release */,
			);
			defaultConfigurationIsVisible = 0;
			defaultConfigurationName = Release;
		};
		F743DAAE2A106FF6001FACB9 /* Build configuration list for PBXNativeTarget "Breeze" */ = {
			isa = XCConfigurationList;
			buildConfigurations = (
				F743DAAF2A106FF6001FACB9 /* Debug */,
				F743DAB02A106FF6001FACB9 /* Release */,
			);
			defaultConfigurationIsVisible = 0;
			defaultConfigurationName = Release;
		};
		F743DAB12A106FF6001FACB9 /* Build configuration list for PBXNativeTarget "BreezeTests" */ = {
			isa = XCConfigurationList;
			buildConfigurations = (
				F743DAB22A106FF6001FACB9 /* Debug */,
				F743DAB32A106FF6001FACB9 /* Release */,
			);
			defaultConfigurationIsVisible = 0;
			defaultConfigurationName = Release;
		};
		F743DAB42A106FF6001FACB9 /* Build configuration list for PBXNativeTarget "BreezeUITests" */ = {
			isa = XCConfigurationList;
			buildConfigurations = (
				F743DAB52A106FF6001FACB9 /* Debug */,
				F743DAB62A106FF6001FACB9 /* Release */,
			);
			defaultConfigurationIsVisible = 0;
			defaultConfigurationName = Release;
		};
/* End XCConfigurationList section */
	};
	rootObject = F743DA822A106FF4001FACB9 /* Project object */;
}
