// !$*UTF8*$!
{
	archiveVersion = 1;
	classes = {
	};
	objectVersion = 56;
	objects = {

/* Begin PBXBuildFile section */
		F743DA8E2A106FF4001FACB9 /* BreezeApp.swift in Sources */ = {isa = PBXBuildFile; fileRef = F743DA8D2A106FF4001FACB9 /* BreezeApp.swift */; };
		F743DA902A106FF4001FACB9 /* MainView.swift in Sources */ = {isa = PBXBuildFile; fileRef = F743DA8F2A106FF4001FACB9 /* MainView.swift */; };
		F743DA922A106FF6001FACB9 /* Assets.xcassets in Resources */ = {isa = PBXBuildFile; fileRef = F743DA912A106FF6001FACB9 /* Assets.xcassets */; };
		F743DA952A106FF6001FACB9 /* Preview Assets.xcassets in Resources */ = {isa = PBXBuildFile; fileRef = F743DA942A106FF6001FACB9 /* Preview Assets.xcassets */; };
		F743DA9F2A106FF6001FACB9 /* BreezeTests.swift in Sources */ = {isa = PBXBuildFile; fileRef = F743DA9E2A106FF6001FACB9 /* BreezeTests.swift */; };
		F743DAA92A106FF6001FACB9 /* BreezeUITests.swift in Sources */ = {isa = PBXBuildFile; fileRef = F743DAA82A106FF6001FACB9 /* BreezeUITests.swift */; };
		F743DAAB2A106FF6001FACB9 /* BreezeUITestsLaunchTests.swift in Sources */ = {isa = PBXBuildFile; fileRef = F743DAAA2A106FF6001FACB9 /* BreezeUITestsLaunchTests.swift */; };
		F743DAB92A11AE75001FACB9 /* FirebaseAuth in Frameworks */ = {isa = PBXBuildFile; productRef = F743DAB82A11AE75001FACB9 /* FirebaseAuth */; };
		F743DABB2A11AE75001FACB9 /* FirebaseFirestore in Frameworks */ = {isa = PBXBuildFile; productRef = F743DABA2A11AE75001FACB9 /* FirebaseFirestore */; };
		F743DABD2A11AE75001FACB9 /* FirebaseFirestoreSwift in Frameworks */ = {isa = PBXBuildFile; productRef = F743DABC2A11AE75001FACB9 /* FirebaseFirestoreSwift */; };
		F743DABF2A11AFC1001FACB9 /* GoogleService-Info.plist in Resources */ = {isa = PBXBuildFile; fileRef = F743DABE2A11AFC1001FACB9 /* GoogleService-Info.plist */; };
		F743DAC42A11B29D001FACB9 /* ProfileView.swift in Sources */ = {isa = PBXBuildFile; fileRef = F743DAC32A11B29D001FACB9 /* ProfileView.swift */; };
		F743DAC62A11B2B9001FACB9 /* JobsListView.swift in Sources */ = {isa = PBXBuildFile; fileRef = F743DAC52A11B2B9001FACB9 /* JobsListView.swift */; };
		F743DAC82A11B2C2001FACB9 /* LoginView.swift in Sources */ = {isa = PBXBuildFile; fileRef = F743DAC72A11B2C2001FACB9 /* LoginView.swift */; };
		F743DACA2A11B2DA001FACB9 /* RegisterView.swift in Sources */ = {isa = PBXBuildFile; fileRef = F743DAC92A11B2DA001FACB9 /* RegisterView.swift */; };
		F743DACC2A11B31D001FACB9 /* ChatView.swift in Sources */ = {isa = PBXBuildFile; fileRef = F743DACB2A11B31D001FACB9 /* ChatView.swift */; };
		F743DACE2A11B340001FACB9 /* MessagesView.swift in Sources */ = {isa = PBXBuildFile; fileRef = F743DACD2A11B340001FACB9 /* MessagesView.swift */; };
		F743DAD12A11BAA4001FACB9 /* User.swift in Sources */ = {isa = PBXBuildFile; fileRef = F743DAD02A11BAA4001FACB9 /* User.swift */; };
		F743DAD32A11BAB5001FACB9 /* PreProcessedJob.swift in Sources */ = {isa = PBXBuildFile; fileRef = F743DAD22A11BAB5001FACB9 /* PreProcessedJob.swift */; };
		F743DAD62A11BB05001FACB9 /* MainViewViewModel.swift in Sources */ = {isa = PBXBuildFile; fileRef = F743DAD52A11BB05001FACB9 /* MainViewViewModel.swift */; };
		F743DAD82A11BB10001FACB9 /* ProfileViewViewModel.swift in Sources */ = {isa = PBXBuildFile; fileRef = F743DAD72A11BB10001FACB9 /* ProfileViewViewModel.swift */; };
		F743DADA2A11BB1C001FACB9 /* NewJobViewViewModel.swift in Sources */ = {isa = PBXBuildFile; fileRef = F743DAD92A11BB1C001FACB9 /* NewJobViewViewModel.swift */; };
		F743DADC2A11BB27001FACB9 /* LoginViewViewModel.swift in Sources */ = {isa = PBXBuildFile; fileRef = F743DADB2A11BB27001FACB9 /* LoginViewViewModel.swift */; };
		F743DADE2A11BB43001FACB9 /* RegisterViewViewModel.swift in Sources */ = {isa = PBXBuildFile; fileRef = F743DADD2A11BB43001FACB9 /* RegisterViewViewModel.swift */; };
		F743DAE22A11BB55001FACB9 /* ChatViewViewModel.swift in Sources */ = {isa = PBXBuildFile; fileRef = F743DAE12A11BB55001FACB9 /* ChatViewViewModel.swift */; };
		F743DAE42A11BB5F001FACB9 /* MessagesViewViewModel.swift in Sources */ = {isa = PBXBuildFile; fileRef = F743DAE32A11BB5F001FACB9 /* MessagesViewViewModel.swift */; };
		F743DAE62A11C127001FACB9 /* HeaderView.swift in Sources */ = {isa = PBXBuildFile; fileRef = F743DAE52A11C127001FACB9 /* HeaderView.swift */; };
		F743DAE82A12E70D001FACB9 /* Extension.swift in Sources */ = {isa = PBXBuildFile; fileRef = F743DAE72A12E70D001FACB9 /* Extension.swift */; };
		F743DAEA2A13059C001FACB9 /* NewJobView.swift in Sources */ = {isa = PBXBuildFile; fileRef = F743DAE92A13059C001FACB9 /* NewJobView.swift */; };
		F743DAEC2A1305A9001FACB9 /* JobsListViewViewModel.swift in Sources */ = {isa = PBXBuildFile; fileRef = F743DAEB2A1305A9001FACB9 /* JobsListViewViewModel.swift */; };
		F7F4883B2A1DBEE80091BB1E /* JobListItemView.swift in Sources */ = {isa = PBXBuildFile; fileRef = F7F4883A2A1DBEE80091BB1E /* JobListItemView.swift */; };
		F7F4883D2A2305470091BB1E /* PostProcessedJob.swift in Sources */ = {isa = PBXBuildFile; fileRef = F7F4883C2A2305470091BB1E /* PostProcessedJob.swift */; };
		F7F4883F2A232BAE0091BB1E /* JobListItemViewModel.swift in Sources */ = {isa = PBXBuildFile; fileRef = F7F4883E2A232BAE0091BB1E /* JobListItemViewModel.swift */; };
/* End PBXBuildFile section */

/* Begin PBXContainerItemProxy section */
		F743DA9B2A106FF6001FACB9 /* PBXContainerItemProxy */ = {
			isa = PBXContainerItemProxy;
			containerPortal = F743DA822A106FF4001FACB9 /* Project object */;
			proxyType = 1;
			remoteGlobalIDString = F743DA892A106FF4001FACB9;
			remoteInfo = Breeze;
		};
		F743DAA52A106FF6001FACB9 /* PBXContainerItemProxy */ = {
			isa = PBXContainerItemProxy;
			containerPortal = F743DA822A106FF4001FACB9 /* Project object */;
			proxyType = 1;
			remoteGlobalIDString = F743DA892A106FF4001FACB9;
			remoteInfo = Breeze;
		};
/* End PBXContainerItemProxy section */

/* Begin PBXFileReference section */
		F743DA8A2A106FF4001FACB9 /* Breeze.app */ = {isa = PBXFileReference; explicitFileType = wrapper.application; includeInIndex = 0; path = Breeze.app; sourceTree = BUILT_PRODUCTS_DIR; };
		F743DA8D2A106FF4001FACB9 /* BreezeApp.swift */ = {isa = PBXFileReference; lastKnownFileType = sourcecode.swift; path = BreezeApp.swift; sourceTree = "<group>"; };
		F743DA8F2A106FF4001FACB9 /* MainView.swift */ = {isa = PBXFileReference; lastKnownFileType = sourcecode.swift; path = MainView.swift; sourceTree = "<group>"; };
		F743DA912A106FF6001FACB9 /* Assets.xcassets */ = {isa = PBXFileReference; lastKnownFileType = folder.assetcatalog; path = Assets.xcassets; sourceTree = "<group>"; };
		F743DA942A106FF6001FACB9 /* Preview Assets.xcassets */ = {isa = PBXFileReference; lastKnownFileType = folder.assetcatalog; path = "Preview Assets.xcassets"; sourceTree = "<group>"; };
		F743DA9A2A106FF6001FACB9 /* BreezeTests.xctest */ = {isa = PBXFileReference; explicitFileType = wrapper.cfbundle; includeInIndex = 0; path = BreezeTests.xctest; sourceTree = BUILT_PRODUCTS_DIR; };
		F743DA9E2A106FF6001FACB9 /* BreezeTests.swift */ = {isa = PBXFileReference; lastKnownFileType = sourcecode.swift; path = BreezeTests.swift; sourceTree = "<group>"; };
		F743DAA42A106FF6001FACB9 /* BreezeUITests.xctest */ = {isa = PBXFileReference; explicitFileType = wrapper.cfbundle; includeInIndex = 0; path = BreezeUITests.xctest; sourceTree = BUILT_PRODUCTS_DIR; };
		F743DAA82A106FF6001FACB9 /* BreezeUITests.swift */ = {isa = PBXFileReference; lastKnownFileType = sourcecode.swift; path = BreezeUITests.swift; sourceTree = "<group>"; };
		F743DAAA2A106FF6001FACB9 /* BreezeUITestsLaunchTests.swift */ = {isa = PBXFileReference; lastKnownFileType = sourcecode.swift; path = BreezeUITestsLaunchTests.swift; sourceTree = "<group>"; };
		F743DABE2A11AFC1001FACB9 /* GoogleService-Info.plist */ = {isa = PBXFileReference; fileEncoding = 4; lastKnownFileType = text.plist.xml; path = "GoogleService-Info.plist"; sourceTree = "<group>"; };
		F743DAC32A11B29D001FACB9 /* ProfileView.swift */ = {isa = PBXFileReference; lastKnownFileType = sourcecode.swift; path = ProfileView.swift; sourceTree = "<group>"; };
		F743DAC52A11B2B9001FACB9 /* JobsListView.swift */ = {isa = PBXFileReference; lastKnownFileType = sourcecode.swift; path = JobsListView.swift; sourceTree = "<group>"; };
		F743DAC72A11B2C2001FACB9 /* LoginView.swift */ = {isa = PBXFileReference; lastKnownFileType = sourcecode.swift; path = LoginView.swift; sourceTree = "<group>"; };
		F743DAC92A11B2DA001FACB9 /* RegisterView.swift */ = {isa = PBXFileReference; lastKnownFileType = sourcecode.swift; path = RegisterView.swift; sourceTree = "<group>"; };
		F743DACB2A11B31D001FACB9 /* ChatView.swift */ = {isa = PBXFileReference; lastKnownFileType = sourcecode.swift; path = ChatView.swift; sourceTree = "<group>"; };
		F743DACD2A11B340001FACB9 /* MessagesView.swift */ = {isa = PBXFileReference; lastKnownFileType = sourcecode.swift; path = MessagesView.swift; sourceTree = "<group>"; };
		F743DAD02A11BAA4001FACB9 /* User.swift */ = {isa = PBXFileReference; lastKnownFileType = sourcecode.swift; path = User.swift; sourceTree = "<group>"; };
		F743DAD22A11BAB5001FACB9 /* PreProcessedJob.swift */ = {isa = PBXFileReference; lastKnownFileType = sourcecode.swift; path = PreProcessedJob.swift; sourceTree = "<group>"; };
		F743DAD52A11BB05001FACB9 /* MainViewViewModel.swift */ = {isa = PBXFileReference; lastKnownFileType = sourcecode.swift; path = MainViewViewModel.swift; sourceTree = "<group>"; };
		F743DAD72A11BB10001FACB9 /* ProfileViewViewModel.swift */ = {isa = PBXFileReference; lastKnownFileType = sourcecode.swift; path = ProfileViewViewModel.swift; sourceTree = "<group>"; };
		F743DAD92A11BB1C001FACB9 /* NewJobViewViewModel.swift */ = {isa = PBXFileReference; lastKnownFileType = sourcecode.swift; path = NewJobViewViewModel.swift; sourceTree = "<group>"; };
		F743DADB2A11BB27001FACB9 /* LoginViewViewModel.swift */ = {isa = PBXFileReference; lastKnownFileType = sourcecode.swift; path = LoginViewViewModel.swift; sourceTree = "<group>"; };
		F743DADD2A11BB43001FACB9 /* RegisterViewViewModel.swift */ = {isa = PBXFileReference; lastKnownFileType = sourcecode.swift; path = RegisterViewViewModel.swift; sourceTree = "<group>"; };
		F743DAE12A11BB55001FACB9 /* ChatViewViewModel.swift */ = {isa = PBXFileReference; lastKnownFileType = sourcecode.swift; path = ChatViewViewModel.swift; sourceTree = "<group>"; };
		F743DAE32A11BB5F001FACB9 /* MessagesViewViewModel.swift */ = {isa = PBXFileReference; lastKnownFileType = sourcecode.swift; path = MessagesViewViewModel.swift; sourceTree = "<group>"; };
		F743DAE52A11C127001FACB9 /* HeaderView.swift */ = {isa = PBXFileReference; lastKnownFileType = sourcecode.swift; path = HeaderView.swift; sourceTree = "<group>"; };
		F743DAE72A12E70D001FACB9 /* Extension.swift */ = {isa = PBXFileReference; lastKnownFileType = sourcecode.swift; path = Extension.swift; sourceTree = "<group>"; };
		F743DAE92A13059C001FACB9 /* NewJobView.swift */ = {isa = PBXFileReference; lastKnownFileType = sourcecode.swift; path = NewJobView.swift; sourceTree = "<group>"; };
		F743DAEB2A1305A9001FACB9 /* JobsListViewViewModel.swift */ = {isa = PBXFileReference; lastKnownFileType = sourcecode.swift; path = JobsListViewViewModel.swift; sourceTree = "<group>"; };
		F7F4883A2A1DBEE80091BB1E /* JobListItemView.swift */ = {isa = PBXFileReference; lastKnownFileType = sourcecode.swift; path = JobListItemView.swift; sourceTree = "<group>"; };
		F7F4883C2A2305470091BB1E /* PostProcessedJob.swift */ = {isa = PBXFileReference; lastKnownFileType = sourcecode.swift; path = PostProcessedJob.swift; sourceTree = "<group>"; };
		F7F4883E2A232BAE0091BB1E /* JobListItemViewModel.swift */ = {isa = PBXFileReference; lastKnownFileType = sourcecode.swift; path = JobListItemViewModel.swift; sourceTree = "<group>"; };
/* End PBXFileReference section */

/* Begin PBXFrameworksBuildPhase section */
		F743DA872A106FF4001FACB9 /* Frameworks */ = {
			isa = PBXFrameworksBuildPhase;
			buildActionMask = 2147483647;
			files = (
				F743DAB92A11AE75001FACB9 /* FirebaseAuth in Frameworks */,
				F743DABB2A11AE75001FACB9 /* FirebaseFirestore in Frameworks */,
				F743DABD2A11AE75001FACB9 /* FirebaseFirestoreSwift in Frameworks */,
			);
			runOnlyForDeploymentPostprocessing = 0;
		};
		F743DA972A106FF6001FACB9 /* Frameworks */ = {
			isa = PBXFrameworksBuildPhase;
			buildActionMask = 2147483647;
			files = (
			);
			runOnlyForDeploymentPostprocessing = 0;
		};
		F743DAA12A106FF6001FACB9 /* Frameworks */ = {
			isa = PBXFrameworksBuildPhase;
			buildActionMask = 2147483647;
			files = (
			);
			runOnlyForDeploymentPostprocessing = 0;
		};
/* End PBXFrameworksBuildPhase section */

/* Begin PBXGroup section */
		F743DA812A106FF4001FACB9 = {
			isa = PBXGroup;
			children = (
				F743DA8C2A106FF4001FACB9 /* Breeze */,
				F743DA9D2A106FF6001FACB9 /* BreezeTests */,
				F743DAA72A106FF6001FACB9 /* BreezeUITests */,
				F743DA8B2A106FF4001FACB9 /* Products */,
			);
			sourceTree = "<group>";
		};
		F743DA8B2A106FF4001FACB9 /* Products */ = {
			isa = PBXGroup;
			children = (
				F743DA8A2A106FF4001FACB9 /* Breeze.app */,
				F743DA9A2A106FF6001FACB9 /* BreezeTests.xctest */,
				F743DAA42A106FF6001FACB9 /* BreezeUITests.xctest */,
			);
			name = Products;
			sourceTree = "<group>";
		};
		F743DA8C2A106FF4001FACB9 /* Breeze */ = {
			isa = PBXGroup;
			children = (
				F743DAD42A11BAED001FACB9 /* ViewModels */,
				F743DACF2A11BA99001FACB9 /* Models */,
				F743DAC02A11B259001FACB9 /* Views */,
				F743DABE2A11AFC1001FACB9 /* GoogleService-Info.plist */,
				F743DA8D2A106FF4001FACB9 /* BreezeApp.swift */,
				F743DA912A106FF6001FACB9 /* Assets.xcassets */,
				F743DA932A106FF6001FACB9 /* Preview Content */,
				F743DAE72A12E70D001FACB9 /* Extension.swift */,
			);
			path = Breeze;
			sourceTree = "<group>";
		};
		F743DA932A106FF6001FACB9 /* Preview Content */ = {
			isa = PBXGroup;
			children = (
				F743DA942A106FF6001FACB9 /* Preview Assets.xcassets */,
			);
			path = "Preview Content";
			sourceTree = "<group>";
		};
		F743DA9D2A106FF6001FACB9 /* BreezeTests */ = {
			isa = PBXGroup;
			children = (
				F743DA9E2A106FF6001FACB9 /* BreezeTests.swift */,
			);
			path = BreezeTests;
			sourceTree = "<group>";
		};
		F743DAA72A106FF6001FACB9 /* BreezeUITests */ = {
			isa = PBXGroup;
			children = (
				F743DAA82A106FF6001FACB9 /* BreezeUITests.swift */,
				F743DAAA2A106FF6001FACB9 /* BreezeUITestsLaunchTests.swift */,
			);
			path = BreezeUITests;
			sourceTree = "<group>";
		};
		F743DAC02A11B259001FACB9 /* Views */ = {
			isa = PBXGroup;
			children = (
				F743DA8F2A106FF4001FACB9 /* MainView.swift */,
				F743DAC32A11B29D001FACB9 /* ProfileView.swift */,
				F743DAC52A11B2B9001FACB9 /* JobsListView.swift */,
				F743DAE92A13059C001FACB9 /* NewJobView.swift */,
				F743DAC72A11B2C2001FACB9 /* LoginView.swift */,
				F743DAC92A11B2DA001FACB9 /* RegisterView.swift */,
				F743DACB2A11B31D001FACB9 /* ChatView.swift */,
				F743DACD2A11B340001FACB9 /* MessagesView.swift */,
				F743DAE52A11C127001FACB9 /* HeaderView.swift */,
				F7F4883A2A1DBEE80091BB1E /* JobListItemView.swift */,
			);
			path = Views;
			sourceTree = "<group>";
		};
		F743DACF2A11BA99001FACB9 /* Models */ = {
			isa = PBXGroup;
			children = (
				F743DAD02A11BAA4001FACB9 /* User.swift */,
				F743DAD22A11BAB5001FACB9 /* PreProcessedJob.swift */,
				F7F4883C2A2305470091BB1E /* PostProcessedJob.swift */,
			);
			path = Models;
			sourceTree = "<group>";
		};
		F743DAD42A11BAED001FACB9 /* ViewModels */ = {
			isa = PBXGroup;
			children = (
				F743DAD52A11BB05001FACB9 /* MainViewViewModel.swift */,
				F743DAD72A11BB10001FACB9 /* ProfileViewViewModel.swift */,
				F743DAD92A11BB1C001FACB9 /* NewJobViewViewModel.swift */,
				F743DADB2A11BB27001FACB9 /* LoginViewViewModel.swift */,
				F743DADD2A11BB43001FACB9 /* RegisterViewViewModel.swift */,
				F743DAE12A11BB55001FACB9 /* ChatViewViewModel.swift */,
				F743DAE32A11BB5F001FACB9 /* MessagesViewViewModel.swift */,
				F743DAEB2A1305A9001FACB9 /* JobsListViewViewModel.swift */,
				F7F4883E2A232BAE0091BB1E /* JobListItemViewModel.swift */,
			);
			path = ViewModels;
			sourceTree = "<group>";
		};
/* End PBXGroup section */

/* Begin PBXNativeTarget section */
		F743DA892A106FF4001FACB9 /* Breeze */ = {
			isa = PBXNativeTarget;
			buildConfigurationList = F743DAAE2A106FF6001FACB9 /* Build configuration list for PBXNativeTarget "Breeze" */;
			buildPhases = (
				F743DA862A106FF4001FACB9 /* Sources */,
				F743DA872A106FF4001FACB9 /* Frameworks */,
				F743DA882A106FF4001FACB9 /* Resources */,
				F71BC1232A147AFA00FC5762 /* ShellScript */,
			);
			buildRules = (
			);
			dependencies = (
			);
			name = Breeze;
			packageProductDependencies = (
				F743DAB82A11AE75001FACB9 /* FirebaseAuth */,
				F743DABA2A11AE75001FACB9 /* FirebaseFirestore */,
				F743DABC2A11AE75001FACB9 /* FirebaseFirestoreSwift */,
			);
			productName = Breeze;
			productReference = F743DA8A2A106FF4001FACB9 /* Breeze.app */;
			productType = "com.apple.product-type.application";
		};
		F743DA992A106FF6001FACB9 /* BreezeTests */ = {
			isa = PBXNativeTarget;
			buildConfigurationList = F743DAB12A106FF6001FACB9 /* Build configuration list for PBXNativeTarget "BreezeTests" */;
			buildPhases = (
				F743DA962A106FF6001FACB9 /* Sources */,
				F743DA972A106FF6001FACB9 /* Frameworks */,
				F743DA982A106FF6001FACB9 /* Resources */,
			);
			buildRules = (
			);
			dependencies = (
				F743DA9C2A106FF6001FACB9 /* PBXTargetDependency */,
			);
			name = BreezeTests;
			productName = BreezeTests;
			productReference = F743DA9A2A106FF6001FACB9 /* BreezeTests.xctest */;
			productType = "com.apple.product-type.bundle.unit-test";
		};
		F743DAA32A106FF6001FACB9 /* BreezeUITests */ = {
			isa = PBXNativeTarget;
			buildConfigurationList = F743DAB42A106FF6001FACB9 /* Build configuration list for PBXNativeTarget "BreezeUITests" */;
			buildPhases = (
				F743DAA02A106FF6001FACB9 /* Sources */,
				F743DAA12A106FF6001FACB9 /* Frameworks */,
				F743DAA22A106FF6001FACB9 /* Resources */,
			);
			buildRules = (
			);
			dependencies = (
				F743DAA62A106FF6001FACB9 /* PBXTargetDependency */,
			);
			name = BreezeUITests;
			productName = BreezeUITests;
			productReference = F743DAA42A106FF6001FACB9 /* BreezeUITests.xctest */;
			productType = "com.apple.product-type.bundle.ui-testing";
		};
/* End PBXNativeTarget section */

/* Begin PBXProject section */
		F743DA822A106FF4001FACB9 /* Project object */ = {
			isa = PBXProject;
			attributes = {
				BuildIndependentTargetsInParallel = 1;
				LastSwiftUpdateCheck = 1420;
				LastUpgradeCheck = 1420;
				TargetAttributes = {
					F743DA892A106FF4001FACB9 = {
						CreatedOnToolsVersion = 14.2;
					};
					F743DA992A106FF6001FACB9 = {
						CreatedOnToolsVersion = 14.2;
						TestTargetID = F743DA892A106FF4001FACB9;
					};
					F743DAA32A106FF6001FACB9 = {
						CreatedOnToolsVersion = 14.2;
						TestTargetID = F743DA892A106FF4001FACB9;
					};
				};
			};
			buildConfigurationList = F743DA852A106FF4001FACB9 /* Build configuration list for PBXProject "Breeze" */;
			compatibilityVersion = "Xcode 14.0";
			developmentRegion = en;
			hasScannedForEncodings = 0;
			knownRegions = (
				en,
				Base,
			);
			mainGroup = F743DA812A106FF4001FACB9;
			packageReferences = (
				F743DAB72A11AE75001FACB9 /* XCRemoteSwiftPackageReference "firebase-ios-sdk" */,
			);
			productRefGroup = F743DA8B2A106FF4001FACB9 /* Products */;
			projectDirPath = "";
			projectRoot = "";
			targets = (
				F743DA892A106FF4001FACB9 /* Breeze */,
				F743DA992A106FF6001FACB9 /* BreezeTests */,
				F743DAA32A106FF6001FACB9 /* BreezeUITests */,
			);
		};
/* End PBXProject section */

/* Begin PBXResourcesBuildPhase section */
		F743DA882A106FF4001FACB9 /* Resources */ = {
			isa = PBXResourcesBuildPhase;
			buildActionMask = 2147483647;
			files = (
				F743DA952A106FF6001FACB9 /* Preview Assets.xcassets in Resources */,
				F743DA922A106FF6001FACB9 /* Assets.xcassets in Resources */,
				F743DABF2A11AFC1001FACB9 /* GoogleService-Info.plist in Resources */,
			);
			runOnlyForDeploymentPostprocessing = 0;
		};
		F743DA982A106FF6001FACB9 /* Resources */ = {
			isa = PBXResourcesBuildPhase;
			buildActionMask = 2147483647;
			files = (
			);
			runOnlyForDeploymentPostprocessing = 0;
		};
		F743DAA22A106FF6001FACB9 /* Resources */ = {
			isa = PBXResourcesBuildPhase;
			buildActionMask = 2147483647;
			files = (
			);
			runOnlyForDeploymentPostprocessing = 0;
		};
/* End PBXResourcesBuildPhase section */

/* Begin PBXShellScriptBuildPhase section */
		F71BC1232A147AFA00FC5762 /* ShellScript */ = {
			isa = PBXShellScriptBuildPhase;
			buildActionMask = 2147483647;
			files = (
			);
			inputFileListPaths = (
			);
			inputPaths = (
			);
			outputFileListPaths = (
			);
			outputPaths = (
			);
			runOnlyForDeploymentPostprocessing = 0;
			shellPath = /bin/sh;
			shellScript = "
";
		};
/* End PBXShellScriptBuildPhase section */

/* Begin PBXSourcesBuildPhase section */
		F743DA862A106FF4001FACB9 /* Sources */ = {
			isa = PBXSourcesBuildPhase;
			buildActionMask = 2147483647;
			files = (
				F743DACE2A11B340001FACB9 /* MessagesView.swift in Sources */,
				F743DAE62A11C127001FACB9 /* HeaderView.swift in Sources */,
				F7F4883D2A2305470091BB1E /* PostProcessedJob.swift in Sources */,
				F743DADC2A11BB27001FACB9 /* LoginViewViewModel.swift in Sources */,
				F7F4883B2A1DBEE80091BB1E /* JobListItemView.swift in Sources */,
				F743DA902A106FF4001FACB9 /* MainView.swift in Sources */,
				F743DAD62A11BB05001FACB9 /* MainViewViewModel.swift in Sources */,
				F743DAC42A11B29D001FACB9 /* ProfileView.swift in Sources */,
				F743DADE2A11BB43001FACB9 /* RegisterViewViewModel.swift in Sources */,
				F743DAE42A11BB5F001FACB9 /* MessagesViewViewModel.swift in Sources */,
				F743DA8E2A106FF4001FACB9 /* BreezeApp.swift in Sources */,
				F743DAD82A11BB10001FACB9 /* ProfileViewViewModel.swift in Sources */,
				F743DAEC2A1305A9001FACB9 /* JobsListViewViewModel.swift in Sources */,
				F743DACA2A11B2DA001FACB9 /* RegisterView.swift in Sources */,
				F743DAE22A11BB55001FACB9 /* ChatViewViewModel.swift in Sources */,
				F7F4883F2A232BAE0091BB1E /* JobListItemViewModel.swift in Sources */,
				F743DAD12A11BAA4001FACB9 /* User.swift in Sources */,
				F743DAE82A12E70D001FACB9 /* Extension.swift in Sources */,
				F743DADA2A11BB1C001FACB9 /* NewJobViewViewModel.swift in Sources */,
				F743DAEA2A13059C001FACB9 /* NewJobView.swift in Sources */,
				F743DACC2A11B31D001FACB9 /* ChatView.swift in Sources */,
				F743DAC82A11B2C2001FACB9 /* LoginView.swift in Sources */,
				F743DAC62A11B2B9001FACB9 /* JobsListView.swift in Sources */,
				F743DAD32A11BAB5001FACB9 /* PreProcessedJob.swift in Sources */,
			);
			runOnlyForDeploymentPostprocessing = 0;
		};
		F743DA962A106FF6001FACB9 /* Sources */ = {
			isa = PBXSourcesBuildPhase;
			buildActionMask = 2147483647;
			files = (
				F743DA9F2A106FF6001FACB9 /* BreezeTests.swift in Sources */,
			);
			runOnlyForDeploymentPostprocessing = 0;
		};
		F743DAA02A106FF6001FACB9 /* Sources */ = {
			isa = PBXSourcesBuildPhase;
			buildActionMask = 2147483647;
			files = (
				F743DAA92A106FF6001FACB9 /* BreezeUITests.swift in Sources */,
				F743DAAB2A106FF6001FACB9 /* BreezeUITestsLaunchTests.swift in Sources */,
			);
			runOnlyForDeploymentPostprocessing = 0;
		};
/* End PBXSourcesBuildPhase section */

/* Begin PBXTargetDependency section */
		F743DA9C2A106FF6001FACB9 /* PBXTargetDependency */ = {
			isa = PBXTargetDependency;
			target = F743DA892A106FF4001FACB9 /* Breeze */;
			targetProxy = F743DA9B2A106FF6001FACB9 /* PBXContainerItemProxy */;
		};
		F743DAA62A106FF6001FACB9 /* PBXTargetDependency */ = {
			isa = PBXTargetDependency;
			target = F743DA892A106FF4001FACB9 /* Breeze */;
			targetProxy = F743DAA52A106FF6001FACB9 /* PBXContainerItemProxy */;
		};
/* End PBXTargetDependency section */

/* Begin XCBuildConfiguration section */
		F743DAAC2A106FF6001FACB9 /* Debug */ = {
			isa = XCBuildConfiguration;
			buildSettings = {
				ALWAYS_SEARCH_USER_PATHS = NO;
				CLANG_ANALYZER_NONNULL = YES;
				CLANG_ANALYZER_NUMBER_OBJECT_CONVERSION = YES_AGGRESSIVE;
				CLANG_CXX_LANGUAGE_STANDARD = "gnu++20";
				CLANG_ENABLE_MODULES = YES;
				CLANG_ENABLE_OBJC_ARC = YES;
				CLANG_ENABLE_OBJC_WEAK = YES;
				CLANG_WARN_BLOCK_CAPTURE_AUTORELEASING = YES;
				CLANG_WARN_BOOL_CONVERSION = YES;
				CLANG_WARN_COMMA = YES;
				CLANG_WARN_CONSTANT_CONVERSION = YES;
				CLANG_WARN_DEPRECATED_OBJC_IMPLEMENTATIONS = YES;
				CLANG_WARN_DIRECT_OBJC_ISA_USAGE = YES_ERROR;
				CLANG_WARN_DOCUMENTATION_COMMENTS = YES;
				CLANG_WARN_EMPTY_BODY = YES;
				CLANG_WARN_ENUM_CONVERSION = YES;
				CLANG_WARN_INFINITE_RECURSION = YES;
				CLANG_WARN_INT_CONVERSION = YES;
				CLANG_WARN_NON_LITERAL_NULL_CONVERSION = YES;
				CLANG_WARN_OBJC_IMPLICIT_RETAIN_SELF = YES;
				CLANG_WARN_OBJC_LITERAL_CONVERSION = YES;
				CLANG_WARN_OBJC_ROOT_CLASS = YES_ERROR;
				CLANG_WARN_QUOTED_INCLUDE_IN_FRAMEWORK_HEADER = YES;
				CLANG_WARN_RANGE_LOOP_ANALYSIS = YES;
				CLANG_WARN_STRICT_PROTOTYPES = YES;
				CLANG_WARN_SUSPICIOUS_MOVE = YES;
				CLANG_WARN_UNGUARDED_AVAILABILITY = YES_AGGRESSIVE;
				CLANG_WARN_UNREACHABLE_CODE = YES;
				CLANG_WARN__DUPLICATE_METHOD_MATCH = YES;
				COPY_PHASE_STRIP = NO;
				DEBUG_INFORMATION_FORMAT = dwarf;
				ENABLE_STRICT_OBJC_MSGSEND = YES;
				ENABLE_TESTABILITY = YES;
				GCC_C_LANGUAGE_STANDARD = gnu11;
				GCC_DYNAMIC_NO_PIC = NO;
				GCC_NO_COMMON_BLOCKS = YES;
				GCC_OPTIMIZATION_LEVEL = 0;
				GCC_PREPROCESSOR_DEFINITIONS = (
					"DEBUG=1",
					"$(inherited)",
				);
				GCC_WARN_64_TO_32_BIT_CONVERSION = YES;
				GCC_WARN_ABOUT_RETURN_TYPE = YES_ERROR;
				GCC_WARN_UNDECLARED_SELECTOR = YES;
				GCC_WARN_UNINITIALIZED_AUTOS = YES_AGGRESSIVE;
				GCC_WARN_UNUSED_FUNCTION = YES;
				GCC_WARN_UNUSED_VARIABLE = YES;
				IPHONEOS_DEPLOYMENT_TARGET = 16.2;
				MTL_ENABLE_DEBUG_INFO = INCLUDE_SOURCE;
				MTL_FAST_MATH = YES;
				ONLY_ACTIVE_ARCH = YES;
				SDKROOT = iphoneos;
				SWIFT_ACTIVE_COMPILATION_CONDITIONS = DEBUG;
				SWIFT_OPTIMIZATION_LEVEL = "-Onone";
			};
			name = Debug;
		};
		F743DAAD2A106FF6001FACB9 /* Release */ = {
			isa = XCBuildConfiguration;
			buildSettings = {
				ALWAYS_SEARCH_USER_PATHS = NO;
				CLANG_ANALYZER_NONNULL = YES;
				CLANG_ANALYZER_NUMBER_OBJECT_CONVERSION = YES_AGGRESSIVE;
				CLANG_CXX_LANGUAGE_STANDARD = "gnu++20";
				CLANG_ENABLE_MODULES = YES;
				CLANG_ENABLE_OBJC_ARC = YES;
				CLANG_ENABLE_OBJC_WEAK = YES;
				CLANG_WARN_BLOCK_CAPTURE_AUTORELEASING = YES;
				CLANG_WARN_BOOL_CONVERSION = YES;
				CLANG_WARN_COMMA = YES;
				CLANG_WARN_CONSTANT_CONVERSION = YES;
				CLANG_WARN_DEPRECATED_OBJC_IMPLEMENTATIONS = YES;
				CLANG_WARN_DIRECT_OBJC_ISA_USAGE = YES_ERROR;
				CLANG_WARN_DOCUMENTATION_COMMENTS = YES;
				CLANG_WARN_EMPTY_BODY = YES;
				CLANG_WARN_ENUM_CONVERSION = YES;
				CLANG_WARN_INFINITE_RECURSION = YES;
				CLANG_WARN_INT_CONVERSION = YES;
				CLANG_WARN_NON_LITERAL_NULL_CONVERSION = YES;
				CLANG_WARN_OBJC_IMPLICIT_RETAIN_SELF = YES;
				CLANG_WARN_OBJC_LITERAL_CONVERSION = YES;
				CLANG_WARN_OBJC_ROOT_CLASS = YES_ERROR;
				CLANG_WARN_QUOTED_INCLUDE_IN_FRAMEWORK_HEADER = YES;
				CLANG_WARN_RANGE_LOOP_ANALYSIS = YES;
				CLANG_WARN_STRICT_PROTOTYPES = YES;
				CLANG_WARN_SUSPICIOUS_MOVE = YES;
				CLANG_WARN_UNGUARDED_AVAILABILITY = YES_AGGRESSIVE;
				CLANG_WARN_UNREACHABLE_CODE = YES;
				CLANG_WARN__DUPLICATE_METHOD_MATCH = YES;
				COPY_PHASE_STRIP = NO;
				DEBUG_INFORMATION_FORMAT = "dwarf-with-dsym";
				ENABLE_NS_ASSERTIONS = NO;
				ENABLE_STRICT_OBJC_MSGSEND = YES;
				GCC_C_LANGUAGE_STANDARD = gnu11;
				GCC_NO_COMMON_BLOCKS = YES;
				GCC_WARN_64_TO_32_BIT_CONVERSION = YES;
				GCC_WARN_ABOUT_RETURN_TYPE = YES_ERROR;
				GCC_WARN_UNDECLARED_SELECTOR = YES;
				GCC_WARN_UNINITIALIZED_AUTOS = YES_AGGRESSIVE;
				GCC_WARN_UNUSED_FUNCTION = YES;
				GCC_WARN_UNUSED_VARIABLE = YES;
				IPHONEOS_DEPLOYMENT_TARGET = 16.2;
				MTL_ENABLE_DEBUG_INFO = NO;
				MTL_FAST_MATH = YES;
				SDKROOT = iphoneos;
				SWIFT_COMPILATION_MODE = wholemodule;
				SWIFT_OPTIMIZATION_LEVEL = "-O";
				VALIDATE_PRODUCT = YES;
			};
			name = Release;
		};
		F743DAAF2A106FF6001FACB9 /* Debug */ = {
			isa = XCBuildConfiguration;
			buildSettings = {
				ASSETCATALOG_COMPILER_APPICON_NAME = AppIcon;
				ASSETCATALOG_COMPILER_GLOBAL_ACCENT_COLOR_NAME = AccentColor;
				CODE_SIGN_STYLE = Automatic;
				CURRENT_PROJECT_VERSION = 1;
				DEVELOPMENT_ASSET_PATHS = "\"Breeze/Preview Content\"";
				DEVELOPMENT_TEAM = 4Q7KCF7YSM;
				ENABLE_PREVIEWS = YES;
				GENERATE_INFOPLIST_FILE = YES;
				INFOPLIST_KEY_CFBundleDisplayName = Breeze;
				INFOPLIST_KEY_UIApplicationSceneManifest_Generation = YES;
				INFOPLIST_KEY_UIApplicationSupportsIndirectInputEvents = YES;
				INFOPLIST_KEY_UILaunchScreen_Generation = YES;
				INFOPLIST_KEY_UISupportedInterfaceOrientations = "UIInterfaceOrientationLandscapeRight UIInterfaceOrientationPortrait";
				INFOPLIST_KEY_UISupportedInterfaceOrientations_iPad = "UIInterfaceOrientationPortrait UIInterfaceOrientationPortraitUpsideDown";
				IPHONEOS_DEPLOYMENT_TARGET = 16.0;
				LD_RUNPATH_SEARCH_PATHS = (
					"$(inherited)",
					"@executable_path/Frameworks",
				);
				MARKETING_VERSION = 1.0;
				PRODUCT_BUNDLE_IDENTIFIER = yousif.Breeze;
				PRODUCT_NAME = "$(TARGET_NAME)";
				SUPPORTED_PLATFORMS = "iphoneos iphonesimulator";
				SUPPORTS_MACCATALYST = NO;
				SUPPORTS_MAC_DESIGNED_FOR_IPHONE_IPAD = NO;
				SWIFT_EMIT_LOC_STRINGS = YES;
				SWIFT_VERSION = 5.0;
				TARGETED_DEVICE_FAMILY = "1,2";
			};
			name = Debug;
		};
		F743DAB02A106FF6001FACB9 /* Release */ = {
			isa = XCBuildConfiguration;
			buildSettings = {
				ASSETCATALOG_COMPILER_APPICON_NAME = AppIcon;
				ASSETCATALOG_COMPILER_GLOBAL_ACCENT_COLOR_NAME = AccentColor;
				CODE_SIGN_STYLE = Automatic;
				CURRENT_PROJECT_VERSION = 1;
				DEVELOPMENT_ASSET_PATHS = "\"Breeze/Preview Content\"";
				DEVELOPMENT_TEAM = 4Q7KCF7YSM;
				ENABLE_PREVIEWS = YES;
				GENERATE_INFOPLIST_FILE = YES;
				INFOPLIST_KEY_CFBundleDisplayName = Breeze;
				INFOPLIST_KEY_UIApplicationSceneManifest_Generation = YES;
				INFOPLIST_KEY_UIApplicationSupportsIndirectInputEvents = YES;
				INFOPLIST_KEY_UILaunchScreen_Generation = YES;
				INFOPLIST_KEY_UISupportedInterfaceOrientations = "UIInterfaceOrientationLandscapeRight UIInterfaceOrientationPortrait";
				INFOPLIST_KEY_UISupportedInterfaceOrientations_iPad = "UIInterfaceOrientationPortrait UIInterfaceOrientationPortraitUpsideDown";
				IPHONEOS_DEPLOYMENT_TARGET = 16.0;
				LD_RUNPATH_SEARCH_PATHS = (
					"$(inherited)",
					"@executable_path/Frameworks",
				);
				MARKETING_VERSION = 1.0;
				PRODUCT_BUNDLE_IDENTIFIER = yousif.Breeze;
				PRODUCT_NAME = "$(TARGET_NAME)";
				SUPPORTED_PLATFORMS = "iphoneos iphonesimulator";
				SUPPORTS_MACCATALYST = NO;
				SUPPORTS_MAC_DESIGNED_FOR_IPHONE_IPAD = NO;
				SWIFT_EMIT_LOC_STRINGS = YES;
				SWIFT_VERSION = 5.0;
				TARGETED_DEVICE_FAMILY = "1,2";
			};
			name = Release;
		};
		F743DAB22A106FF6001FACB9 /* Debug */ = {
			isa = XCBuildConfiguration;
			buildSettings = {
				ALWAYS_EMBED_SWIFT_STANDARD_LIBRARIES = YES;
				BUNDLE_LOADER = "$(TEST_HOST)";
				CODE_SIGN_STYLE = Automatic;
				CURRENT_PROJECT_VERSION = 1;
				GENERATE_INFOPLIST_FILE = YES;
				IPHONEOS_DEPLOYMENT_TARGET = 16.2;
				MARKETING_VERSION = 1.0;
				PRODUCT_BUNDLE_IDENTIFIER = yousif.BreezeTests;
				PRODUCT_NAME = "$(TARGET_NAME)";
				SWIFT_EMIT_LOC_STRINGS = NO;
				SWIFT_VERSION = 5.0;
				TARGETED_DEVICE_FAMILY = "1,2";
				TEST_HOST = "$(BUILT_PRODUCTS_DIR)/Breeze.app/$(BUNDLE_EXECUTABLE_FOLDER_PATH)/Breeze";
			};
			name = Debug;
		};
		F743DAB32A106FF6001FACB9 /* Release */ = {
			isa = XCBuildConfiguration;
			buildSettings = {
				ALWAYS_EMBED_SWIFT_STANDARD_LIBRARIES = YES;
				BUNDLE_LOADER = "$(TEST_HOST)";
				CODE_SIGN_STYLE = Automatic;
				CURRENT_PROJECT_VERSION = 1;
				GENERATE_INFOPLIST_FILE = YES;
				IPHONEOS_DEPLOYMENT_TARGET = 16.2;
				MARKETING_VERSION = 1.0;
				PRODUCT_BUNDLE_IDENTIFIER = yousif.BreezeTests;
				PRODUCT_NAME = "$(TARGET_NAME)";
				SWIFT_EMIT_LOC_STRINGS = NO;
				SWIFT_VERSION = 5.0;
				TARGETED_DEVICE_FAMILY = "1,2";
				TEST_HOST = "$(BUILT_PRODUCTS_DIR)/Breeze.app/$(BUNDLE_EXECUTABLE_FOLDER_PATH)/Breeze";
			};
			name = Release;
		};
		F743DAB52A106FF6001FACB9 /* Debug */ = {
			isa = XCBuildConfiguration;
			buildSettings = {
				ALWAYS_EMBED_SWIFT_STANDARD_LIBRARIES = YES;
				CODE_SIGN_STYLE = Automatic;
				CURRENT_PROJECT_VERSION = 1;
				GENERATE_INFOPLIST_FILE = YES;
				MARKETING_VERSION = 1.0;
				PRODUCT_BUNDLE_IDENTIFIER = yousif.BreezeUITests;
				PRODUCT_NAME = "$(TARGET_NAME)";
				SWIFT_EMIT_LOC_STRINGS = NO;
				SWIFT_VERSION = 5.0;
				TARGETED_DEVICE_FAMILY = "1,2";
				TEST_TARGET_NAME = Breeze;
			};
			name = Debug;
		};
		F743DAB62A106FF6001FACB9 /* Release */ = {
			isa = XCBuildConfiguration;
			buildSettings = {
				ALWAYS_EMBED_SWIFT_STANDARD_LIBRARIES = YES;
				CODE_SIGN_STYLE = Automatic;
				CURRENT_PROJECT_VERSION = 1;
				GENERATE_INFOPLIST_FILE = YES;
				MARKETING_VERSION = 1.0;
				PRODUCT_BUNDLE_IDENTIFIER = yousif.BreezeUITests;
				PRODUCT_NAME = "$(TARGET_NAME)";
				SWIFT_EMIT_LOC_STRINGS = NO;
				SWIFT_VERSION = 5.0;
				TARGETED_DEVICE_FAMILY = "1,2";
				TEST_TARGET_NAME = Breeze;
			};
			name = Release;
		};
/* End XCBuildConfiguration section */

/* Begin XCConfigurationList section */
		F743DA852A106FF4001FACB9 /* Build configuration list for PBXProject "Breeze" */ = {
			isa = XCConfigurationList;
			buildConfigurations = (
				F743DAAC2A106FF6001FACB9 /* Debug */,
				F743DAAD2A106FF6001FACB9 /* Release */,
			);
			defaultConfigurationIsVisible = 0;
			defaultConfigurationName = Release;
		};
		F743DAAE2A106FF6001FACB9 /* Build configuration list for PBXNativeTarget "Breeze" */ = {
			isa = XCConfigurationList;
			buildConfigurations = (
				F743DAAF2A106FF6001FACB9 /* Debug */,
				F743DAB02A106FF6001FACB9 /* Release */,
			);
			defaultConfigurationIsVisible = 0;
			defaultConfigurationName = Release;
		};
		F743DAB12A106FF6001FACB9 /* Build configuration list for PBXNativeTarget "BreezeTests" */ = {
			isa = XCConfigurationList;
			buildConfigurations = (
				F743DAB22A106FF6001FACB9 /* Debug */,
				F743DAB32A106FF6001FACB9 /* Release */,
			);
			defaultConfigurationIsVisible = 0;
			defaultConfigurationName = Release;
		};
		F743DAB42A106FF6001FACB9 /* Build configuration list for PBXNativeTarget "BreezeUITests" */ = {
			isa = XCConfigurationList;
			buildConfigurations = (
				F743DAB52A106FF6001FACB9 /* Debug */,
				F743DAB62A106FF6001FACB9 /* Release */,
			);
			defaultConfigurationIsVisible = 0;
			defaultConfigurationName = Release;
		};
/* End XCConfigurationList section */

/* Begin XCRemoteSwiftPackageReference section */
		F743DAB72A11AE75001FACB9 /* XCRemoteSwiftPackageReference "firebase-ios-sdk" */ = {
			isa = XCRemoteSwiftPackageReference;
			repositoryURL = "https://github.com/firebase/firebase-ios-sdk";
			requirement = {
				kind = upToNextMajorVersion;
				minimumVersion = 9.0.0;
			};
		};
/* End XCRemoteSwiftPackageReference section */

/* Begin XCSwiftPackageProductDependency section */
		F743DAB82A11AE75001FACB9 /* FirebaseAuth */ = {
			isa = XCSwiftPackageProductDependency;
			package = F743DAB72A11AE75001FACB9 /* XCRemoteSwiftPackageReference "firebase-ios-sdk" */;
			productName = FirebaseAuth;
		};
		F743DABA2A11AE75001FACB9 /* FirebaseFirestore */ = {
			isa = XCSwiftPackageProductDependency;
			package = F743DAB72A11AE75001FACB9 /* XCRemoteSwiftPackageReference "firebase-ios-sdk" */;
			productName = FirebaseFirestore;
		};
		F743DABC2A11AE75001FACB9 /* FirebaseFirestoreSwift */ = {
			isa = XCSwiftPackageProductDependency;
			package = F743DAB72A11AE75001FACB9 /* XCRemoteSwiftPackageReference "firebase-ios-sdk" */;
			productName = FirebaseFirestoreSwift;
		};
/* End XCSwiftPackageProductDependency section */
	};
	rootObject = F743DA822A106FF4001FACB9 /* Project object */;
}
